{
  "nodes": {
    "emacs-overlay": {
      "locked": {
        "lastModified": 1601641384,
        "narHash": "sha256-E/8UZ0VVvNGg47TtRUt32lxw9LYIoo7+ahUTMqSwY3w=",
        "owner": "nix-community",
        "repo": "emacs-overlay",
        "rev": "7d0f88251a858bfa312e69d82e1e8b4f3ddd192f",
        "type": "github"
      },
      "original": {
        "owner": "nix-community",
        "repo": "emacs-overlay",
        "type": "github"
      }
    },
    "nixpkgs": {
      "locked": {
        "lastModified": 1601171649,
        "narHash": "sha256-G3RUAi2DUq6r3ntASLS+LZC/Eamot55W1+xmBOgEh3M=",
        "owner": "NixOS",
        "repo": "nixpkgs",
        "rev": "84d74ae9c9cbed73274b8e4e00be14688ffc93fe",
        "type": "github"
      },
      "original": {
        "id": "nixpkgs",
        "ref": "nixos-unstable",
        "type": "indirect"
      }
    },
    "nixpkgs_2": {
      "locked": {
        "lastModified": 1601653136,
        "narHash": "sha256-4MfeCBvyb0feButyK77jUT9pV+pQD4cUmmCg4ynLZaY=",
        "owner": "NixOS",
        "repo": "nixpkgs",
        "rev": "952b69868973e83ae1c9309dee562036a818162a",
        "type": "github"
      },
      "original": {
        "id": "nixpkgs",
        "type": "indirect"
      }
    },
    "nur": {
      "inputs": {
        "nixpkgs": "nixpkgs_2"
      },
      "locked": {
        "lastModified": 1598194263,
        "narHash": "sha256-R4jgnlrhB8ELDkTMD2yO2LA7IYuHNCSH6dlhY4Ik+2A=",
        "ref": "master",
        "rev": "aebf7580ccef0c3ad051293ea18b278f1b375bc1",
        "revCount": 37,
        "type": "git",
        "url": "https://gitlab.com/jD91mZM2/nur-packages.git"
      },
      "original": {
        "type": "git",
        "url": "https://gitlab.com/jD91mZM2/nur-packages.git"
      }
    },
    "root": {
      "inputs": {
        "emacs-overlay": "emacs-overlay",
        "nixpkgs": "nixpkgs",
        "nur": "nur"
      }
    }
  },
  "root": "root",
  "version": 7
}
