{
  "nodes": {
    "emacs-overlay": {
      "locked": {
        "lastModified": 1598012566,
        "narHash": "sha256-s5GtyC0iAIaQRfgePr2uXHDmp+kcY34hWXvyhaEqiSs=",
        "owner": "nix-community",
        "repo": "emacs-overlay",
        "rev": "1c9713eac1b3718c883f1b8cc996a77bb79bcb32",
        "type": "github"
      },
      "original": {
        "owner": "nix-community",
        "repo": "emacs-overlay",
        "type": "github"
      }
    },
    "nixops": {
      "inputs": {
        "nixpkgs": "nixpkgs",
        "utils": "utils"
      },
      "locked": {
        "lastModified": 1597398647,
        "narHash": "sha256-7BJ78rmJtcgIyJvBVj9BnXUPFTaB8Y0CofAfFATHlzQ=",
        "owner": "NixOS",
        "repo": "nixops",
        "rev": "6bed6e782e26c95da93ce04596b60b74d712f9fa",
        "type": "github"
      },
      "original": {
        "id": "nixops",
        "type": "indirect"
      }
    },
    "nixops-digitalocean": {
      "flake": false,
      "locked": {
        "lastModified": 1595433951,
        "narHash": "sha256-pwvpgNAGBeJ651Mg46Lnkx3P6/qnEKGjYK+AobTrI6U=",
        "owner": "jD91mZM2",
        "repo": "nixops-digitalocean",
        "rev": "2e4cce66c15bc0bbe172eb2939e1cb709a099e01",
        "type": "github"
      },
      "original": {
        "owner": "jD91mZM2",
        "repo": "nixops-digitalocean",
        "type": "github"
      }
    },
    "nixpkgs": {
      "locked": {
        "lastModified": 1593886469,
        "narHash": "sha256-it7gY5BmUcDr09dUsE6VPnUsSCeBUtU/GfUwqs6twDc=",
        "owner": "NixOS",
        "repo": "nixpkgs",
        "rev": "dc80d7bc4a244120b3d766746c41c0d9c5f81dfa",
        "type": "github"
      },
      "original": {
        "owner": "NixOS",
        "ref": "nixos-unstable",
        "repo": "nixpkgs",
        "type": "github"
      }
    },
    "nixpkgs-unstable": {
      "locked": {
        "lastModified": 1597057899,
        "narHash": "sha256-U144beTNlMdersGcr49IGU2YP1HjeS3pT3+FbOXN7r8=",
        "owner": "NixOS",
        "repo": "nixpkgs-channels",
        "rev": "32b46dd897ab2143a609988a04d87452f0bbef59",
        "type": "github"
      },
      "original": {
        "owner": "NixOS",
        "repo": "nixpkgs-channels",
        "rev": "32b46dd897ab2143a609988a04d87452f0bbef59",
        "type": "github"
      }
    },
    "nixpkgs_2": {
      "locked": {
        "lastModified": 1598016261,
        "narHash": "sha256-NwZGlh0Bn2P2KN4m50XADMQAoaIqaVyzvDX2pznbWXQ=",
        "owner": "NixOS",
        "repo": "nixpkgs",
        "rev": "4a87da1b1011ed78584b64e51863ac24ba6b6a1d",
        "type": "github"
      },
      "original": {
        "id": "nixpkgs",
        "type": "indirect"
      }
    },
    "nixpkgs_3": {
      "locked": {
        "lastModified": 1598016261,
        "narHash": "sha256-NwZGlh0Bn2P2KN4m50XADMQAoaIqaVyzvDX2pznbWXQ=",
        "owner": "NixOS",
        "repo": "nixpkgs",
        "rev": "4a87da1b1011ed78584b64e51863ac24ba6b6a1d",
        "type": "github"
      },
      "original": {
        "id": "nixpkgs",
        "type": "indirect"
      }
    },
    "nur": {
      "inputs": {
        "nixpkgs": "nixpkgs_3"
      },
      "locked": {
        "narHash": "sha256-KqztclQVQU3lJwEsNZyFcUNhirUKun5eHqg8Weu++BI=",
        "path": "./nur-packages",
        "type": "path"
      },
      "original": {
        "path": "./nur-packages",
        "type": "path"
      }
    },
    "root": {
      "inputs": {
        "emacs-overlay": "emacs-overlay",
        "nixops": "nixops",
        "nixops-digitalocean": "nixops-digitalocean",
        "nixpkgs": "nixpkgs_2",
        "nixpkgs-unstable": "nixpkgs-unstable",
        "nur": "nur"
      }
    },
    "utils": {
      "locked": {
        "lastModified": 1594123299,
        "narHash": "sha256-zxjtMmOV93pIVG242RpEXu14w/13XYDo3ygMoRIJg4c=",
        "owner": "numtide",
        "repo": "flake-utils",
        "rev": "590d6d1badea1956a31480a0cba1d8d029cf45d3",
        "type": "github"
      },
      "original": {
        "owner": "numtide",
        "repo": "flake-utils",
        "type": "github"
      }
    }
  },
  "root": "root",
  "version": 7
}
