{
  "nodes": {
    "emacs-overlay": {
      "locked": {
        "lastModified": 1595420513,
        "narHash": "sha256-J7NyggJGr84AdWfywPQr3ERSJCR1TOPTDLCL6PcoL7s=",
        "owner": "nix-community",
        "repo": "emacs-overlay",
        "rev": "0b730d1610ca67a19b02782cdfc3f0f58c1b752e",
        "type": "github"
      },
      "original": {
        "owner": "nix-community",
        "repo": "emacs-overlay",
        "type": "github"
      }
    },
    "nixops": {
      "inputs": {
        "nixops-aws": "nixops-aws",
        "nixops-hetzner": "nixops-hetzner",
        "nixpkgs": "nixpkgs"
      },
      "locked": {
        "lastModified": 1591784847,
        "narHash": "sha256-nBmp7z8W88f9eDH7N1WX0tKudQ1EbvbE9/nX8FrSWRw=",
        "owner": "NixOS",
        "repo": "nixops",
        "rev": "c781c8f04786ab99b2e7afca01c94e3f25499b5d",
        "type": "github"
      },
      "original": {
        "id": "nixops",
        "type": "indirect"
      }
    },
    "nixops-aws": {
      "flake": false,
      "locked": {
        "lastModified": 1586700941,
        "narHash": "sha256-9yh7iHMJ8F8wA4nwTjm8rcmceFM/6URHK/Q/AuCkdzE=",
        "owner": "NixOS",
        "repo": "nixops-aws",
        "rev": "af97c16f179cd0df94a6fc3ef470092122253f60",
        "type": "github"
      },
      "original": {
        "owner": "NixOS",
        "ref": "flake",
        "repo": "nixops-aws",
        "type": "github"
      }
    },
    "nixops-digitalocean": {
      "flake": false,
      "locked": {
        "lastModified": 1595433951,
        "narHash": "sha256-pwvpgNAGBeJ651Mg46Lnkx3P6/qnEKGjYK+AobTrI6U=",
        "owner": "jD91mZM2",
        "repo": "nixops-digitalocean",
        "rev": "2e4cce66c15bc0bbe172eb2939e1cb709a099e01",
        "type": "github"
      },
      "original": {
        "owner": "jD91mZM2",
        "repo": "nixops-digitalocean",
        "type": "github"
      }
    },
    "nixops-hetzner": {
      "flake": false,
      "locked": {
        "lastModified": 1586701048,
        "narHash": "sha256-q1QhsSp3N4nffnpUnGrF0Jg7VyLvi9JXiD82oxaM/Jg=",
        "owner": "NixOS",
        "repo": "nixops-hetzner",
        "rev": "663b02618ece7a92a72da408a552528ee8dd354c",
        "type": "github"
      },
      "original": {
        "owner": "NixOS",
        "ref": "zfs",
        "repo": "nixops-hetzner",
        "type": "github"
      }
    },
    "nixpkgs": {
      "locked": {
        "lastModified": 1586219474,
        "narHash": "sha256-fvfrMnEA2lDnXvH/eInGV5i0sO/EGLVHa4pOek8VG78=",
        "owner": "NixOS",
        "repo": "nixpkgs",
        "rev": "29eddfc36d720dcc4822581175217543b387b1e8",
        "type": "github"
      },
      "original": {
        "id": "nixpkgs",
        "ref": "nixos-20.03",
        "type": "indirect"
      }
    },
    "nixpkgs_2": {
      "locked": {
        "lastModified": 1595430172,
        "narHash": "sha256-mHqQByFCdHNXX0CWVcEvEoAKI8G8imcX8DjPu7BjRag=",
        "owner": "NixOS",
        "repo": "nixpkgs",
        "rev": "d9160f2635f61baf04c16613eb51afce354e657d",
        "type": "github"
      },
      "original": {
        "id": "nixpkgs",
        "type": "indirect"
      }
    },
    "nixpkgs_3": {
      "locked": {
        "lastModified": 1593795536,
        "narHash": "sha256-3alw2DvlEoDbP/g4wrcmRY61khQ9eG9eEnfZ1xnRS6E=",
        "owner": "NixOS",
        "repo": "nixpkgs",
        "rev": "12ff390744649c2f8a4116244db4991ecd8d8310",
        "type": "github"
      },
      "original": {
        "id": "nixpkgs",
        "type": "indirect"
      }
    },
    "nur": {
      "inputs": {
        "nixpkgs": "nixpkgs_3"
      },
      "locked": {
        "narHash": "sha256-TQ4IbwKltrB/4L2bETNFTHb8e6lx7wCH1CrhATeYP5c=",
        "path": "./nur-packages",
        "type": "path"
      },
      "original": {
        "path": "./nur-packages",
        "type": "path"
      }
    },
    "root": {
      "inputs": {
        "emacs-overlay": "emacs-overlay",
        "nixops": "nixops",
        "nixops-digitalocean": "nixops-digitalocean",
        "nixpkgs": "nixpkgs_2",
        "nur": "nur"
      }
    }
  },
  "root": "root",
  "version": 7
}
